
Microsoft Visual Studio Solution File, Format Version 12.00
# Visual Studio 15
VisualStudioVersion = 15.0.27130.2024
MinimumVisualStudioVersion = 10.0.40219.1
Project("{8BC9CEB8-8B4A-11D0-8D11-00A0C91BC942}") = "App", "App\App.vcxproj", "{87C1698F-3EB8-41D5-8628-4E57EE16C1A7}"
EndProject
Project("{8BC9CEB8-8B4A-11D0-8D11-00A0C91BC942}") = "DllTest", "DllTest\DllTest.vcxproj", "{7C49A89F-CAC2-4A6F-BB2D-1CE8BE3D9D7F}"
EndProject
Global
	GlobalSection(SolutionConfigurationPlatforms) = preSolution
		Debug|Win32 = Debug|Win32
		Release|Win32 = Release|Win32
	EndGlobalSection
	GlobalSection(ProjectConfigurationPlatforms) = postSolution
		{87C1698F-3EB8-41D5-8628-4E57EE16C1A7}.Debug|Win32.ActiveCfg = Debug|Win32
		{87C1698F-3EB8-41D5-8628-4E57EE16C1A7}.Debug|Win32.Build.0 = Debug|Win32
		{87C1698F-3EB8-41D5-8628-4E57EE16C1A7}.Release|Win32.ActiveCfg = Release|Win32
		{87C1698F-3EB8-41D5-8628-4E57EE16C1A7}.Release|Win32.Build.0 = Release|Win32
		{7C49A89F-CAC2-4A6F-BB2D-1CE8BE3D9D7F}.Debug|Win32.ActiveCfg = Debug|Win32
		{7C49A89F-CAC2-4A6F-BB2D-1CE8BE3D9D7F}.Debug|Win32.Build.0 = Debug|Win32
		{7C49A89F-CAC2-4A6F-BB2D-1CE8BE3D9D7F}.Release|Win32.ActiveCfg = Release|Win32
		{7C49A89F-CAC2-4A6F-BB2D-1CE8BE3D9D7F}.Release|Win32.Build.0 = Release|Win32
	EndGlobalSection
	GlobalSection(SolutionProperties) = preSolution
		HideSolutionNode = FALSE
	EndGlobalSection
	GlobalSection(ExtensibilityGlobals) = postSolution
		SolutionGuid = {762DFD78-2426-4F61-8444-DC3816C27D09}
	EndGlobalSection
EndGlobal
